
Microsoft Visual Studio Solution File, Format Version 12.00
# Visual Studio Version 17
VisualStudioVersion = 17.11.35222.181
MinimumVisualStudioVersion = 10.0.40219.1
Project("{8BC9CEB8-8B4A-11D0-8D11-00A0C91BC942}") = "lesson_3.1", "lesson_3.1\lesson_3.1.vcxproj", "{DF1E7D9B-3E6C-4EDF-AD89-DA214B4D5041}"
EndProject
Global
	GlobalSection(SolutionConfigurationPlatforms) = preSolution
		Debug|x64 = Debug|x64
		Debug|x86 = Debug|x86
		Release|x64 = Release|x64
		Release|x86 = Release|x86
	EndGlobalSection
	GlobalSection(ProjectConfigurationPlatforms) = postSolution
		{DF1E7D9B-3E6C-4EDF-AD89-DA214B4D5041}.Debug|x64.ActiveCfg = Debug|x64
		{DF1E7D9B-3E6C-4EDF-AD89-DA214B4D5041}.Debug|x64.Build.0 = Debug|x64
		{DF1E7D9B-3E6C-4EDF-AD89-DA214B4D5041}.Debug|x86.ActiveCfg = Debug|Win32
		{DF1E7D9B-3E6C-4EDF-AD89-DA214B4D5041}.Debug|x86.Build.0 = Debug|Win32
		{DF1E7D9B-3E6C-4EDF-AD89-DA214B4D5041}.Release|x64.ActiveCfg = Release|x64
		{DF1E7D9B-3E6C-4EDF-AD89-DA214B4D5041}.Release|x64.Build.0 = Release|x64
		{DF1E7D9B-3E6C-4EDF-AD89-DA214B4D5041}.Release|x86.ActiveCfg = Release|Win32
		{DF1E7D9B-3E6C-4EDF-AD89-DA214B4D5041}.Release|x86.Build.0 = Release|Win32
	EndGlobalSection
	GlobalSection(SolutionProperties) = preSolution
		HideSolutionNode = FALSE
	EndGlobalSection
	GlobalSection(ExtensibilityGlobals) = postSolution
		SolutionGuid = {9E6EF674-DA9D-40C4-8C51-3D6D03ECCFA2}
	EndGlobalSection
EndGlobal
